
Microsoft Visual Studio Solution File, Format Version 12.00
# Visual Studio Version 17
VisualStudioVersion = 17.14.36127.28
MinimumVisualStudioVersion = 10.0.40219.1
Project("{FAE04EC0-301F-11D3-BF4B-00C04F79EFBC}") = "API", "API\API.csproj", "{7EF70C61-0540-491A-ACFF-E21D542724F2}"
EndProject
Project("{FAE04EC0-301F-11D3-BF4B-00C04F79EFBC}") = "Application", "Application\Application.csproj", "{D410DFB3-1319-4953-AAC4-6BD17A1A1D0B}"
EndProject
Project("{FAE04EC0-301F-11D3-BF4B-00C04F79EFBC}") = "Domain", "Domain\Domain.csproj", "{AF83C964-875C-406F-98BC-640380112489}"
EndProject
Project("{FAE04EC0-301F-11D3-BF4B-00C04F79EFBC}") = "Infrastructure", "Infrastructure\Infrastructure.csproj", "{189D866A-D0FB-4FCF-B1DB-D8F32BDB4F42}"
EndProject
Global
	GlobalSection(SolutionConfigurationPlatforms) = preSolution
		Debug|Any CPU = Debug|Any CPU
		Release|Any CPU = Release|Any CPU
	EndGlobalSection
	GlobalSection(ProjectConfigurationPlatforms) = postSolution
		{7EF70C61-0540-491A-ACFF-E21D542724F2}.Debug|Any CPU.ActiveCfg = Debug|Any CPU
		{7EF70C61-0540-491A-ACFF-E21D542724F2}.Debug|Any CPU.Build.0 = Debug|Any CPU
		{7EF70C61-0540-491A-ACFF-E21D542724F2}.Release|Any CPU.ActiveCfg = Release|Any CPU
		{7EF70C61-0540-491A-ACFF-E21D542724F2}.Release|Any CPU.Build.0 = Release|Any CPU
		{D410DFB3-1319-4953-AAC4-6BD17A1A1D0B}.Debug|Any CPU.ActiveCfg = Debug|Any CPU
		{D410DFB3-1319-4953-AAC4-6BD17A1A1D0B}.Debug|Any CPU.Build.0 = Debug|Any CPU
		{D410DFB3-1319-4953-AAC4-6BD17A1A1D0B}.Release|Any CPU.ActiveCfg = Release|Any CPU
		{D410DFB3-1319-4953-AAC4-6BD17A1A1D0B}.Release|Any CPU.Build.0 = Release|Any CPU
		{AF83C964-875C-406F-98BC-640380112489}.Debug|Any CPU.ActiveCfg = Debug|Any CPU
		{AF83C964-875C-406F-98BC-640380112489}.Debug|Any CPU.Build.0 = Debug|Any CPU
		{AF83C964-875C-406F-98BC-640380112489}.Release|Any CPU.ActiveCfg = Release|Any CPU
		{AF83C964-875C-406F-98BC-640380112489}.Release|Any CPU.Build.0 = Release|Any CPU
		{189D866A-D0FB-4FCF-B1DB-D8F32BDB4F42}.Debug|Any CPU.ActiveCfg = Debug|Any CPU
		{189D866A-D0FB-4FCF-B1DB-D8F32BDB4F42}.Debug|Any CPU.Build.0 = Debug|Any CPU
		{189D866A-D0FB-4FCF-B1DB-D8F32BDB4F42}.Release|Any CPU.ActiveCfg = Release|Any CPU
		{189D866A-D0FB-4FCF-B1DB-D8F32BDB4F42}.Release|Any CPU.Build.0 = Release|Any CPU
	EndGlobalSection
	GlobalSection(SolutionProperties) = preSolution
		HideSolutionNode = FALSE
	EndGlobalSection
	GlobalSection(ExtensibilityGlobals) = postSolution
		SolutionGuid = {B8F179B1-936F-4A64-A69E-D1668107CB02}
	EndGlobalSection
EndGlobal
